
Microsoft Visual Studio Solution File, Format Version 12.00
# Visual Studio 14
VisualStudioVersion = 14.0.25123.0
MinimumVisualStudioVersion = 10.0.40219.1
Project("{FAE04EC0-301F-11D3-BF4B-00C04F79EFBC}") = "KendoExtension", "KendoExtension\KendoExtension.csproj", "{0436D1D4-6D0B-4F91-9755-910FB146104A}"
EndProject
Project("{FAE04EC0-301F-11D3-BF4B-00C04F79EFBC}") = "KendoExtensionTests", "KendoExtensionTests\KendoExtensionTests.csproj", "{8FB64D8B-4F08-40C2-8B33-AA441D35FBFC}"
EndProject
Global
	GlobalSection(SolutionConfigurationPlatforms) = preSolution
		Debug|Any CPU = Debug|Any CPU
		Release|Any CPU = Release|Any CPU
	EndGlobalSection
	GlobalSection(ProjectConfigurationPlatforms) = postSolution
		{0436D1D4-6D0B-4F91-9755-910FB146104A}.Debug|Any CPU.ActiveCfg = Debug|Any CPU
		{0436D1D4-6D0B-4F91-9755-910FB146104A}.Debug|Any CPU.Build.0 = Debug|Any CPU
		{0436D1D4-6D0B-4F91-9755-910FB146104A}.Release|Any CPU.ActiveCfg = Release|Any CPU
		{0436D1D4-6D0B-4F91-9755-910FB146104A}.Release|Any CPU.Build.0 = Release|Any CPU
		{8FB64D8B-4F08-40C2-8B33-AA441D35FBFC}.Debug|Any CPU.ActiveCfg = Debug|Any CPU
		{8FB64D8B-4F08-40C2-8B33-AA441D35FBFC}.Debug|Any CPU.Build.0 = Debug|Any CPU
		{8FB64D8B-4F08-40C2-8B33-AA441D35FBFC}.Release|Any CPU.ActiveCfg = Release|Any CPU
		{8FB64D8B-4F08-40C2-8B33-AA441D35FBFC}.Release|Any CPU.Build.0 = Release|Any CPU
	EndGlobalSection
	GlobalSection(SolutionProperties) = preSolution
		HideSolutionNode = FALSE
	EndGlobalSection
EndGlobal
